
Microsoft Visual Studio Solution File, Format Version 12.00
# Visual Studio Version 16
VisualStudioVersion = 16.0.31129.286
MinimumVisualStudioVersion = 10.0.40219.1
Project("{2150E333-8FDC-42A3-9474-1A3956D46DE8}") = "NecessaryItems", "NecessaryItems", "{3FF589A5-AEC9-4F93-A9D1-10702AAD3727}"
	ProjectSection(SolutionItems) = preProject
		..\..\..\..\..\Program Files\Microsoft SQL Server\MSSQL14.MSSQLSERVER\MSSQL\Backup\Catering.bak = ..\..\..\..\..\Program Files\Microsoft SQL Server\MSSQL14.MSSQLSERVER\MSSQL\Backup\Catering.bak
	EndProjectSection
EndProject
Project("{FAE04EC0-301F-11D3-BF4B-00C04F79EFBC}") = "Catering", "Catering\Catering.csproj", "{CF0617B3-B669-44BC-8C92-49C7BDCAE7A7}"
EndProject
Project("{FAE04EC0-301F-11D3-BF4B-00C04F79EFBC}") = "Catering.Core", "Catering.Core\Catering.Core.csproj", "{6BA3CF81-9A85-4759-97D2-3B1A7C4F6E22}"
EndProject
Project("{FAE04EC0-301F-11D3-BF4B-00C04F79EFBC}") = "Extesions", "Extesions\Extesions.csproj", "{613D9AE3-DD7C-4818-93EE-117A27889577}"
EndProject
Global
	GlobalSection(SolutionConfigurationPlatforms) = preSolution
		Debug|Any CPU = Debug|Any CPU
		Release|Any CPU = Release|Any CPU
	EndGlobalSection
	GlobalSection(ProjectConfigurationPlatforms) = postSolution
		{CF0617B3-B669-44BC-8C92-49C7BDCAE7A7}.Debug|Any CPU.ActiveCfg = Debug|Any CPU
		{CF0617B3-B669-44BC-8C92-49C7BDCAE7A7}.Debug|Any CPU.Build.0 = Debug|Any CPU
		{CF0617B3-B669-44BC-8C92-49C7BDCAE7A7}.Release|Any CPU.ActiveCfg = Release|Any CPU
		{CF0617B3-B669-44BC-8C92-49C7BDCAE7A7}.Release|Any CPU.Build.0 = Release|Any CPU
		{6BA3CF81-9A85-4759-97D2-3B1A7C4F6E22}.Debug|Any CPU.ActiveCfg = Debug|Any CPU
		{6BA3CF81-9A85-4759-97D2-3B1A7C4F6E22}.Debug|Any CPU.Build.0 = Debug|Any CPU
		{6BA3CF81-9A85-4759-97D2-3B1A7C4F6E22}.Release|Any CPU.ActiveCfg = Release|Any CPU
		{6BA3CF81-9A85-4759-97D2-3B1A7C4F6E22}.Release|Any CPU.Build.0 = Release|Any CPU
		{613D9AE3-DD7C-4818-93EE-117A27889577}.Debug|Any CPU.ActiveCfg = Debug|Any CPU
		{613D9AE3-DD7C-4818-93EE-117A27889577}.Debug|Any CPU.Build.0 = Debug|Any CPU
		{613D9AE3-DD7C-4818-93EE-117A27889577}.Release|Any CPU.ActiveCfg = Release|Any CPU
		{613D9AE3-DD7C-4818-93EE-117A27889577}.Release|Any CPU.Build.0 = Release|Any CPU
	EndGlobalSection
	GlobalSection(SolutionProperties) = preSolution
		HideSolutionNode = FALSE
	EndGlobalSection
	GlobalSection(ExtensibilityGlobals) = postSolution
		SolutionGuid = {04D757A0-55FC-40E7-8FDA-241B15C6BCC4}
	EndGlobalSection
EndGlobal
